dependencies:
- name: nats
  repository: oci://registry-1.docker.io/bitnamicharts
  version: 7.8.5
- name: etcd
  repository: oci://registry-1.docker.io/bitnamicharts
  version: 9.0.4
digest: sha256:6855a92e9226343938d4e8dc7536917a67548c1eb3e933d80548bad6df29915d
generated: "2023-07-14T07:58:11.513508+01:00"
